hash: 2eab59866b9707e3903496407862021107227b8c5d7b127f6c2a42c60f8f96e8
updated: 2016-03-23T15:23:14.794702387+11:00
imports:
- name: github.com/aws/aws-sdk-go
  version: f0748927a5d7568334ff0858de06c2812da89d6a
  subpackages:
  - aws
  - aws/session
  - service/cloudwatch
  - aws/awserr
  - aws/credentials
  - aws/client
  - aws/corehandlers
  - aws/defaults
  - aws/request
  - private/endpoints
  - aws/awsutil
  - aws/client/metadata
  - private/protocol
  - private/protocol/query
  - private/signer/v4
  - aws/credentials/ec2rolecreds
  - aws/ec2metadata
  - private/protocol/query/queryutil
  - private/protocol/xml/xmlutil
  - private/protocol/rest
- name: github.com/buildkite/buildkite-cloudwatch-metrics-publisher
  version: 9908b1839a78929af7c985ca3e41dcf933945472
  subpackages:
  - buildkite
- name: github.com/go-ini/ini
  version: 12f418cc7edc5a618a51407b7ac1f1f512139df3
- name: github.com/jmespath/go-jmespath
  version: 0b12d6b521d83fc7f755e7cfc1b1fbdd35a01a74
- name: github.com/tent/http-link-go
  version: ac974c61c2f990f4115b119354b5e0b47550e888
devImports: []
