hash: 02de9c65ecf668d37b60ae90ebb9acb67f670ad035963af63256be4feeb396d1
updated: 2016-03-29T15:50:53.737972989+11:00
imports:
- name: github.com/aws/aws-sdk-go
  version: f0748927a5d7568334ff0858de06c2812da89d6a
  subpackages:
  - aws
  - aws/session
  - service/cloudwatch
  - aws/awserr
  - aws/credentials
  - aws/client
  - aws/corehandlers
  - aws/defaults
  - aws/request
  - private/endpoints
  - aws/awsutil
  - aws/client/metadata
  - private/protocol
  - private/protocol/query
  - private/signer/v4
  - aws/credentials/ec2rolecreds
  - aws/ec2metadata
  - private/protocol/query/queryutil
  - private/protocol/xml/xmlutil
  - private/protocol/rest
- name: github.com/go-ini/ini
  version: 12f418cc7edc5a618a51407b7ac1f1f512139df3
- name: github.com/google/go-querystring
  version: 6bb77fe6f42b85397288d4f6f67ac72f8f400ee7
  subpackages:
  - query
- name: github.com/jmespath/go-jmespath
  version: 0b12d6b521d83fc7f755e7cfc1b1fbdd35a01a74
- name: github.com/tent/http-link-go
  version: ac974c61c2f990f4115b119354b5e0b47550e888
- name: github.com/wolfeidau/go-buildkite
  version: 9987019397f7a2c8b012cf33a599591fd07ef875
  subpackages:
  - buildkite
devImports: []
